
Microsoft Visual Studio Solution File, Format Version 12.00
# Visual Studio 15
VisualStudioVersion = 15.0.27130.2020
MinimumVisualStudioVersion = 10.0.40219.1
Project("{FAE04EC0-301F-11D3-BF4B-00C04F79EFBC}") = "HRPortal", "HRPortal\HRPortal.csproj", "{7DACAABF-A601-453A-94A0-CDC3A556E7C7}"
EndProject
Project("{FAE04EC0-301F-11D3-BF4B-00C04F79EFBC}") = "EmployeeLogicTest", "EmployeeLogicTest\EmployeeLogicTest.csproj", "{AF4CAE6B-E7DC-41AA-9AE4-D9369A70B91A}"
EndProject
Global
	GlobalSection(SolutionConfigurationPlatforms) = preSolution
		Debug|Any CPU = Debug|Any CPU
		Release|Any CPU = Release|Any CPU
	EndGlobalSection
	GlobalSection(ProjectConfigurationPlatforms) = postSolution
		{7DACAABF-A601-453A-94A0-CDC3A556E7C7}.Debug|Any CPU.ActiveCfg = Debug|Any CPU
		{7DACAABF-A601-453A-94A0-CDC3A556E7C7}.Debug|Any CPU.Build.0 = Debug|Any CPU
		{7DACAABF-A601-453A-94A0-CDC3A556E7C7}.Release|Any CPU.ActiveCfg = Release|Any CPU
		{7DACAABF-A601-453A-94A0-CDC3A556E7C7}.Release|Any CPU.Build.0 = Release|Any CPU
		{AF4CAE6B-E7DC-41AA-9AE4-D9369A70B91A}.Debug|Any CPU.ActiveCfg = Debug|Any CPU
		{AF4CAE6B-E7DC-41AA-9AE4-D9369A70B91A}.Debug|Any CPU.Build.0 = Debug|Any CPU
		{AF4CAE6B-E7DC-41AA-9AE4-D9369A70B91A}.Release|Any CPU.ActiveCfg = Release|Any CPU
		{AF4CAE6B-E7DC-41AA-9AE4-D9369A70B91A}.Release|Any CPU.Build.0 = Release|Any CPU
	EndGlobalSection
	GlobalSection(SolutionProperties) = preSolution
		HideSolutionNode = FALSE
	EndGlobalSection
	GlobalSection(ExtensibilityGlobals) = postSolution
		SolutionGuid = {880F3C33-8CFC-4445-952C-A4B4ACFEEF3E}
	EndGlobalSection
EndGlobal
